
Microsoft Visual Studio Solution File, Format Version 12.00
# Visual Studio Version 17
VisualStudioVersion = 17.6.33815.320
MinimumVisualStudioVersion = 10.0.40219.1
Project("{FAE04EC0-301F-11D3-BF4B-00C04F79EFBC}") = "EventBased", "EventBased.csproj", "{B0987B0F-BDB1-4190-9AF8-6A293D72BF46}"
EndProject
Global
	GlobalSection(SolutionConfigurationPlatforms) = preSolution
		Debug|Any CPU = Debug|Any CPU
		Release|Any CPU = Release|Any CPU
	EndGlobalSection
	GlobalSection(ProjectConfigurationPlatforms) = postSolution
		{B0987B0F-BDB1-4190-9AF8-6A293D72BF46}.Debug|Any CPU.ActiveCfg = Debug|Any CPU
		{B0987B0F-BDB1-4190-9AF8-6A293D72BF46}.Debug|Any CPU.Build.0 = Debug|Any CPU
		{B0987B0F-BDB1-4190-9AF8-6A293D72BF46}.Release|Any CPU.ActiveCfg = Release|Any CPU
		{B0987B0F-BDB1-4190-9AF8-6A293D72BF46}.Release|Any CPU.Build.0 = Release|Any CPU
	EndGlobalSection
	GlobalSection(SolutionProperties) = preSolution
		HideSolutionNode = FALSE
	EndGlobalSection
	GlobalSection(ExtensibilityGlobals) = postSolution
		SolutionGuid = {CC4CB227-437C-4D54-BC3C-0341C3F88E8B}
	EndGlobalSection
EndGlobal
